
Microsoft Visual Studio Solution File, Format Version 12.00
# Visual Studio Version 17
VisualStudioVersion = 17.5.33530.505
MinimumVisualStudioVersion = 10.0.40219.1
Project("{FAE04EC0-301F-11D3-BF4B-00C04F79EFBC}") = "ArrayPrac", "ArrayPrac\ArrayPrac.csproj", "{6C482B92-44F7-4071-BC88-A96C6D8FC93E}"
EndProject
Global
	GlobalSection(SolutionConfigurationPlatforms) = preSolution
		Debug|Any CPU = Debug|Any CPU
		Release|Any CPU = Release|Any CPU
	EndGlobalSection
	GlobalSection(ProjectConfigurationPlatforms) = postSolution
		{6C482B92-44F7-4071-BC88-A96C6D8FC93E}.Debug|Any CPU.ActiveCfg = Debug|Any CPU
		{6C482B92-44F7-4071-BC88-A96C6D8FC93E}.Debug|Any CPU.Build.0 = Debug|Any CPU
		{6C482B92-44F7-4071-BC88-A96C6D8FC93E}.Release|Any CPU.ActiveCfg = Release|Any CPU
		{6C482B92-44F7-4071-BC88-A96C6D8FC93E}.Release|Any CPU.Build.0 = Release|Any CPU
	EndGlobalSection
	GlobalSection(SolutionProperties) = preSolution
		HideSolutionNode = FALSE
	EndGlobalSection
	GlobalSection(ExtensibilityGlobals) = postSolution
		SolutionGuid = {17289532-4ACD-4454-A5AF-68763C2BB330}
	EndGlobalSection
EndGlobal
