
Microsoft Visual Studio Solution File, Format Version 12.00
# Visual Studio Version 17
VisualStudioVersion = 17.5.33516.290
MinimumVisualStudioVersion = 10.0.40219.1
Project("{FAE04EC0-301F-11D3-BF4B-00C04F79EFBC}") = "Stringexample", "Stringexample\Stringexample.csproj", "{C64102E9-2F4E-4C73-9EFA-164AB2D28E03}"
EndProject
Global
	GlobalSection(SolutionConfigurationPlatforms) = preSolution
		Debug|Any CPU = Debug|Any CPU
		Release|Any CPU = Release|Any CPU
	EndGlobalSection
	GlobalSection(ProjectConfigurationPlatforms) = postSolution
		{C64102E9-2F4E-4C73-9EFA-164AB2D28E03}.Debug|Any CPU.ActiveCfg = Debug|Any CPU
		{C64102E9-2F4E-4C73-9EFA-164AB2D28E03}.Debug|Any CPU.Build.0 = Debug|Any CPU
		{C64102E9-2F4E-4C73-9EFA-164AB2D28E03}.Release|Any CPU.ActiveCfg = Release|Any CPU
		{C64102E9-2F4E-4C73-9EFA-164AB2D28E03}.Release|Any CPU.Build.0 = Release|Any CPU
	EndGlobalSection
	GlobalSection(SolutionProperties) = preSolution
		HideSolutionNode = FALSE
	EndGlobalSection
	GlobalSection(ExtensibilityGlobals) = postSolution
		SolutionGuid = {CDC36C8E-3FD6-4646-8092-1FC871572207}
	EndGlobalSection
EndGlobal
