
Microsoft Visual Studio Solution File, Format Version 12.00
# Visual Studio Version 17
VisualStudioVersion = 17.5.33530.505
MinimumVisualStudioVersion = 10.0.40219.1
Project("{FAE04EC0-301F-11D3-BF4B-00C04F79EFBC}") = "Collections_Demo", "Collections_Demo\Collections_Demo.csproj", "{89AC0450-7B12-4BE3-AD87-319FF74295FD}"
EndProject
Global
	GlobalSection(SolutionConfigurationPlatforms) = preSolution
		Debug|Any CPU = Debug|Any CPU
		Release|Any CPU = Release|Any CPU
	EndGlobalSection
	GlobalSection(ProjectConfigurationPlatforms) = postSolution
		{89AC0450-7B12-4BE3-AD87-319FF74295FD}.Debug|Any CPU.ActiveCfg = Debug|Any CPU
		{89AC0450-7B12-4BE3-AD87-319FF74295FD}.Debug|Any CPU.Build.0 = Debug|Any CPU
		{89AC0450-7B12-4BE3-AD87-319FF74295FD}.Release|Any CPU.ActiveCfg = Release|Any CPU
		{89AC0450-7B12-4BE3-AD87-319FF74295FD}.Release|Any CPU.Build.0 = Release|Any CPU
	EndGlobalSection
	GlobalSection(SolutionProperties) = preSolution
		HideSolutionNode = FALSE
	EndGlobalSection
	GlobalSection(ExtensibilityGlobals) = postSolution
		SolutionGuid = {CD176281-BCFD-4FCD-BE9D-93EA82BCC414}
	EndGlobalSection
EndGlobal
