
Microsoft Visual Studio Solution File, Format Version 12.00
# Visual Studio Version 17
VisualStudioVersion = 17.5.33530.505
MinimumVisualStudioVersion = 10.0.40219.1
Project("{FAE04EC0-301F-11D3-BF4B-00C04F79EFBC}") = "singletonDemo", "singletonDemo\singletonDemo.csproj", "{7CBF7566-2904-40F0-8DD6-2297DAFA8264}"
EndProject
Global
	GlobalSection(SolutionConfigurationPlatforms) = preSolution
		Debug|Any CPU = Debug|Any CPU
		Release|Any CPU = Release|Any CPU
	EndGlobalSection
	GlobalSection(ProjectConfigurationPlatforms) = postSolution
		{7CBF7566-2904-40F0-8DD6-2297DAFA8264}.Debug|Any CPU.ActiveCfg = Debug|Any CPU
		{7CBF7566-2904-40F0-8DD6-2297DAFA8264}.Debug|Any CPU.Build.0 = Debug|Any CPU
		{7CBF7566-2904-40F0-8DD6-2297DAFA8264}.Release|Any CPU.ActiveCfg = Release|Any CPU
		{7CBF7566-2904-40F0-8DD6-2297DAFA8264}.Release|Any CPU.Build.0 = Release|Any CPU
	EndGlobalSection
	GlobalSection(SolutionProperties) = preSolution
		HideSolutionNode = FALSE
	EndGlobalSection
	GlobalSection(ExtensibilityGlobals) = postSolution
		SolutionGuid = {741BBD93-1084-438B-828D-4A6E290C84B8}
	EndGlobalSection
EndGlobal
