
Microsoft Visual Studio Solution File, Format Version 12.00
# Visual Studio Version 17
VisualStudioVersion = 17.5.33530.505
MinimumVisualStudioVersion = 10.0.40219.1
Project("{FAE04EC0-301F-11D3-BF4B-00C04F79EFBC}") = "Sorted_list_Coll", "SortedList\Sorted_list_Coll.csproj", "{B9AC1D53-B16F-423D-86BB-6F9D8AAC292A}"
EndProject
Global
	GlobalSection(SolutionConfigurationPlatforms) = preSolution
		Debug|Any CPU = Debug|Any CPU
		Release|Any CPU = Release|Any CPU
	EndGlobalSection
	GlobalSection(ProjectConfigurationPlatforms) = postSolution
		{B9AC1D53-B16F-423D-86BB-6F9D8AAC292A}.Debug|Any CPU.ActiveCfg = Debug|Any CPU
		{B9AC1D53-B16F-423D-86BB-6F9D8AAC292A}.Debug|Any CPU.Build.0 = Debug|Any CPU
		{B9AC1D53-B16F-423D-86BB-6F9D8AAC292A}.Release|Any CPU.ActiveCfg = Release|Any CPU
		{B9AC1D53-B16F-423D-86BB-6F9D8AAC292A}.Release|Any CPU.Build.0 = Release|Any CPU
	EndGlobalSection
	GlobalSection(SolutionProperties) = preSolution
		HideSolutionNode = FALSE
	EndGlobalSection
	GlobalSection(ExtensibilityGlobals) = postSolution
		SolutionGuid = {D5629AA1-38E3-42CA-BD65-2EA8F9FDC71D}
	EndGlobalSection
EndGlobal
