
Microsoft Visual Studio Solution File, Format Version 12.00
# Visual Studio Version 17
VisualStudioVersion = 17.5.33530.505
MinimumVisualStudioVersion = 10.0.40219.1
Project("{FAE04EC0-301F-11D3-BF4B-00C04F79EFBC}") = "2DArray", "2DArray\2DArray.csproj", "{4966CCEE-CE38-456E-B674-D7D188153695}"
EndProject
Global
	GlobalSection(SolutionConfigurationPlatforms) = preSolution
		Debug|Any CPU = Debug|Any CPU
		Release|Any CPU = Release|Any CPU
	EndGlobalSection
	GlobalSection(ProjectConfigurationPlatforms) = postSolution
		{4966CCEE-CE38-456E-B674-D7D188153695}.Debug|Any CPU.ActiveCfg = Debug|Any CPU
		{4966CCEE-CE38-456E-B674-D7D188153695}.Debug|Any CPU.Build.0 = Debug|Any CPU
		{4966CCEE-CE38-456E-B674-D7D188153695}.Release|Any CPU.ActiveCfg = Release|Any CPU
		{4966CCEE-CE38-456E-B674-D7D188153695}.Release|Any CPU.Build.0 = Release|Any CPU
	EndGlobalSection
	GlobalSection(SolutionProperties) = preSolution
		HideSolutionNode = FALSE
	EndGlobalSection
	GlobalSection(ExtensibilityGlobals) = postSolution
		SolutionGuid = {64F1CC31-6A8D-4166-AFC5-71B95FC002F7}
	EndGlobalSection
EndGlobal
