
Microsoft Visual Studio Solution File, Format Version 12.00
# Visual Studio Version 17
VisualStudioVersion = 17.5.33530.505
MinimumVisualStudioVersion = 10.0.40219.1
Project("{FAE04EC0-301F-11D3-BF4B-00C04F79EFBC}") = "PracticeQues", "PracticeQues\PracticeQues.csproj", "{8E08A16A-A778-4709-ABAC-F3D048EA0B28}"
EndProject
Global
	GlobalSection(SolutionConfigurationPlatforms) = preSolution
		Debug|Any CPU = Debug|Any CPU
		Release|Any CPU = Release|Any CPU
	EndGlobalSection
	GlobalSection(ProjectConfigurationPlatforms) = postSolution
		{8E08A16A-A778-4709-ABAC-F3D048EA0B28}.Debug|Any CPU.ActiveCfg = Debug|Any CPU
		{8E08A16A-A778-4709-ABAC-F3D048EA0B28}.Debug|Any CPU.Build.0 = Debug|Any CPU
		{8E08A16A-A778-4709-ABAC-F3D048EA0B28}.Release|Any CPU.ActiveCfg = Release|Any CPU
		{8E08A16A-A778-4709-ABAC-F3D048EA0B28}.Release|Any CPU.Build.0 = Release|Any CPU
	EndGlobalSection
	GlobalSection(SolutionProperties) = preSolution
		HideSolutionNode = FALSE
	EndGlobalSection
	GlobalSection(ExtensibilityGlobals) = postSolution
		SolutionGuid = {BB1F5EE8-18E6-44EF-8ECF-9945A762E5F2}
	EndGlobalSection
EndGlobal
