
Microsoft Visual Studio Solution File, Format Version 12.00
# Visual Studio Version 17
VisualStudioVersion = 17.5.33530.505
MinimumVisualStudioVersion = 10.0.40219.1
Project("{FAE04EC0-301F-11D3-BF4B-00C04F79EFBC}") = "FileIOdemo", "FileIOdemo\FileIOdemo.csproj", "{9ECB2276-62C1-468A-B354-BB5E2349D8D7}"
EndProject
Global
	GlobalSection(SolutionConfigurationPlatforms) = preSolution
		Debug|Any CPU = Debug|Any CPU
		Release|Any CPU = Release|Any CPU
	EndGlobalSection
	GlobalSection(ProjectConfigurationPlatforms) = postSolution
		{9ECB2276-62C1-468A-B354-BB5E2349D8D7}.Debug|Any CPU.ActiveCfg = Debug|Any CPU
		{9ECB2276-62C1-468A-B354-BB5E2349D8D7}.Debug|Any CPU.Build.0 = Debug|Any CPU
		{9ECB2276-62C1-468A-B354-BB5E2349D8D7}.Release|Any CPU.ActiveCfg = Release|Any CPU
		{9ECB2276-62C1-468A-B354-BB5E2349D8D7}.Release|Any CPU.Build.0 = Release|Any CPU
	EndGlobalSection
	GlobalSection(SolutionProperties) = preSolution
		HideSolutionNode = FALSE
	EndGlobalSection
	GlobalSection(ExtensibilityGlobals) = postSolution
		SolutionGuid = {3774478B-3A97-4AFD-88D3-83D32C6FF4B6}
	EndGlobalSection
EndGlobal
