
Microsoft Visual Studio Solution File, Format Version 12.00
# Visual Studio Version 17
VisualStudioVersion = 17.5.33530.505
MinimumVisualStudioVersion = 10.0.40219.1
Project("{FAE04EC0-301F-11D3-BF4B-00C04F79EFBC}") = "LinqSamples", "LinqSamples\LinqSamples.csproj", "{893680F9-1CBE-4044-B5BD-7DE9B6639F8B}"
EndProject
Global
	GlobalSection(SolutionConfigurationPlatforms) = preSolution
		Debug|Any CPU = Debug|Any CPU
		Release|Any CPU = Release|Any CPU
	EndGlobalSection
	GlobalSection(ProjectConfigurationPlatforms) = postSolution
		{893680F9-1CBE-4044-B5BD-7DE9B6639F8B}.Debug|Any CPU.ActiveCfg = Debug|Any CPU
		{893680F9-1CBE-4044-B5BD-7DE9B6639F8B}.Debug|Any CPU.Build.0 = Debug|Any CPU
		{893680F9-1CBE-4044-B5BD-7DE9B6639F8B}.Release|Any CPU.ActiveCfg = Release|Any CPU
		{893680F9-1CBE-4044-B5BD-7DE9B6639F8B}.Release|Any CPU.Build.0 = Release|Any CPU
	EndGlobalSection
	GlobalSection(SolutionProperties) = preSolution
		HideSolutionNode = FALSE
	EndGlobalSection
	GlobalSection(ExtensibilityGlobals) = postSolution
		SolutionGuid = {B4D1CEC9-8655-4EBB-926E-511E309BEA9F}
	EndGlobalSection
EndGlobal
