
Microsoft Visual Studio Solution File, Format Version 12.00
# Visual Studio Version 17
VisualStudioVersion = 17.5.33516.290
MinimumVisualStudioVersion = 10.0.40219.1
Project("{FAE04EC0-301F-11D3-BF4B-00C04F79EFBC}") = "DateTimeExample", "DateTimeExample\DateTimeExample.csproj", "{022795C0-0CCC-46EF-844E-4D4E7D3B8478}"
EndProject
Global
	GlobalSection(SolutionConfigurationPlatforms) = preSolution
		Debug|Any CPU = Debug|Any CPU
		Release|Any CPU = Release|Any CPU
	EndGlobalSection
	GlobalSection(ProjectConfigurationPlatforms) = postSolution
		{022795C0-0CCC-46EF-844E-4D4E7D3B8478}.Debug|Any CPU.ActiveCfg = Debug|Any CPU
		{022795C0-0CCC-46EF-844E-4D4E7D3B8478}.Debug|Any CPU.Build.0 = Debug|Any CPU
		{022795C0-0CCC-46EF-844E-4D4E7D3B8478}.Release|Any CPU.ActiveCfg = Release|Any CPU
		{022795C0-0CCC-46EF-844E-4D4E7D3B8478}.Release|Any CPU.Build.0 = Release|Any CPU
	EndGlobalSection
	GlobalSection(SolutionProperties) = preSolution
		HideSolutionNode = FALSE
	EndGlobalSection
	GlobalSection(ExtensibilityGlobals) = postSolution
		SolutionGuid = {7BD7845D-503C-450F-BFAB-9516979873D1}
	EndGlobalSection
EndGlobal
