
Microsoft Visual Studio Solution File, Format Version 12.00
# Visual Studio Version 17
VisualStudioVersion = 17.5.33530.505
MinimumVisualStudioVersion = 10.0.40219.1
Project("{FAE04EC0-301F-11D3-BF4B-00C04F79EFBC}") = "ReactorDemo", "ReactorDemo\ReactorDemo.csproj", "{F62D5B85-C76F-4ECF-921E-060145A1274F}"
EndProject
Global
	GlobalSection(SolutionConfigurationPlatforms) = preSolution
		Debug|Any CPU = Debug|Any CPU
		Release|Any CPU = Release|Any CPU
	EndGlobalSection
	GlobalSection(ProjectConfigurationPlatforms) = postSolution
		{F62D5B85-C76F-4ECF-921E-060145A1274F}.Debug|Any CPU.ActiveCfg = Debug|Any CPU
		{F62D5B85-C76F-4ECF-921E-060145A1274F}.Debug|Any CPU.Build.0 = Debug|Any CPU
		{F62D5B85-C76F-4ECF-921E-060145A1274F}.Release|Any CPU.ActiveCfg = Release|Any CPU
		{F62D5B85-C76F-4ECF-921E-060145A1274F}.Release|Any CPU.Build.0 = Release|Any CPU
	EndGlobalSection
	GlobalSection(SolutionProperties) = preSolution
		HideSolutionNode = FALSE
	EndGlobalSection
	GlobalSection(ExtensibilityGlobals) = postSolution
		SolutionGuid = {88B7864B-73F8-4151-A6EA-F0B288F849C6}
	EndGlobalSection
EndGlobal
