
Microsoft Visual Studio Solution File, Format Version 12.00
# Visual Studio Version 17
VisualStudioVersion = 17.5.33530.505
MinimumVisualStudioVersion = 10.0.40219.1
Project("{FAE04EC0-301F-11D3-BF4B-00C04F79EFBC}") = "InstanceofEx", "InstanceofEx\InstanceofEx.csproj", "{1DC6E3C6-154E-411E-B56D-5F15DC566E32}"
EndProject
Global
	GlobalSection(SolutionConfigurationPlatforms) = preSolution
		Debug|Any CPU = Debug|Any CPU
		Release|Any CPU = Release|Any CPU
	EndGlobalSection
	GlobalSection(ProjectConfigurationPlatforms) = postSolution
		{1DC6E3C6-154E-411E-B56D-5F15DC566E32}.Debug|Any CPU.ActiveCfg = Debug|Any CPU
		{1DC6E3C6-154E-411E-B56D-5F15DC566E32}.Debug|Any CPU.Build.0 = Debug|Any CPU
		{1DC6E3C6-154E-411E-B56D-5F15DC566E32}.Release|Any CPU.ActiveCfg = Release|Any CPU
		{1DC6E3C6-154E-411E-B56D-5F15DC566E32}.Release|Any CPU.Build.0 = Release|Any CPU
	EndGlobalSection
	GlobalSection(SolutionProperties) = preSolution
		HideSolutionNode = FALSE
	EndGlobalSection
	GlobalSection(ExtensibilityGlobals) = postSolution
		SolutionGuid = {0D536ECA-E94D-4768-AE8A-8344DEDF9231}
	EndGlobalSection
EndGlobal
