
Microsoft Visual Studio Solution File, Format Version 12.00
# Visual Studio Version 17
VisualStudioVersion = 17.5.33530.505
MinimumVisualStudioVersion = 10.0.40219.1
Project("{FAE04EC0-301F-11D3-BF4B-00C04F79EFBC}") = "NUnit", "NUnit\NUnit.csproj", "{51EACAF6-948A-461A-B390-4A5DF13A7639}"
EndProject
Project("{FAE04EC0-301F-11D3-BF4B-00C04F79EFBC}") = "NunitTest", "NunitTest\NunitTest.csproj", "{836766CA-C113-41CD-816A-35F96622126F}"
EndProject
Global
	GlobalSection(SolutionConfigurationPlatforms) = preSolution
		Debug|Any CPU = Debug|Any CPU
		Release|Any CPU = Release|Any CPU
	EndGlobalSection
	GlobalSection(ProjectConfigurationPlatforms) = postSolution
		{51EACAF6-948A-461A-B390-4A5DF13A7639}.Debug|Any CPU.ActiveCfg = Debug|Any CPU
		{51EACAF6-948A-461A-B390-4A5DF13A7639}.Debug|Any CPU.Build.0 = Debug|Any CPU
		{51EACAF6-948A-461A-B390-4A5DF13A7639}.Release|Any CPU.ActiveCfg = Release|Any CPU
		{51EACAF6-948A-461A-B390-4A5DF13A7639}.Release|Any CPU.Build.0 = Release|Any CPU
		{836766CA-C113-41CD-816A-35F96622126F}.Debug|Any CPU.ActiveCfg = Debug|Any CPU
		{836766CA-C113-41CD-816A-35F96622126F}.Debug|Any CPU.Build.0 = Debug|Any CPU
		{836766CA-C113-41CD-816A-35F96622126F}.Release|Any CPU.ActiveCfg = Release|Any CPU
		{836766CA-C113-41CD-816A-35F96622126F}.Release|Any CPU.Build.0 = Release|Any CPU
	EndGlobalSection
	GlobalSection(SolutionProperties) = preSolution
		HideSolutionNode = FALSE
	EndGlobalSection
	GlobalSection(ExtensibilityGlobals) = postSolution
		SolutionGuid = {669B731B-FE20-40F0-A797-4997458E1D31}
	EndGlobalSection
EndGlobal
