
Microsoft Visual Studio Solution File, Format Version 12.00
# Visual Studio Version 17
VisualStudioVersion = 17.5.33530.505
MinimumVisualStudioVersion = 10.0.40219.1
Project("{FAE04EC0-301F-11D3-BF4B-00C04F79EFBC}") = "Overridingdemo", "Overridingdemo\Overridingdemo.csproj", "{345444AE-59A4-4A7A-B087-8B3C8EC6E829}"
EndProject
Global
	GlobalSection(SolutionConfigurationPlatforms) = preSolution
		Debug|Any CPU = Debug|Any CPU
		Release|Any CPU = Release|Any CPU
	EndGlobalSection
	GlobalSection(ProjectConfigurationPlatforms) = postSolution
		{345444AE-59A4-4A7A-B087-8B3C8EC6E829}.Debug|Any CPU.ActiveCfg = Debug|Any CPU
		{345444AE-59A4-4A7A-B087-8B3C8EC6E829}.Debug|Any CPU.Build.0 = Debug|Any CPU
		{345444AE-59A4-4A7A-B087-8B3C8EC6E829}.Release|Any CPU.ActiveCfg = Release|Any CPU
		{345444AE-59A4-4A7A-B087-8B3C8EC6E829}.Release|Any CPU.Build.0 = Release|Any CPU
	EndGlobalSection
	GlobalSection(SolutionProperties) = preSolution
		HideSolutionNode = FALSE
	EndGlobalSection
	GlobalSection(ExtensibilityGlobals) = postSolution
		SolutionGuid = {2790F2A3-C921-46D6-98E5-883E36AE043C}
	EndGlobalSection
EndGlobal
