
Microsoft Visual Studio Solution File, Format Version 12.00
# Visual Studio Version 17
VisualStudioVersion = 17.5.33530.505
MinimumVisualStudioVersion = 10.0.40219.1
Project("{FAE04EC0-301F-11D3-BF4B-00C04F79EFBC}") = "DateandTImeEX", "DateandTImeEX\DateandTImeEX.csproj", "{B31B3A24-096F-4E8B-8744-AA0536B39007}"
EndProject
Global
	GlobalSection(SolutionConfigurationPlatforms) = preSolution
		Debug|Any CPU = Debug|Any CPU
		Release|Any CPU = Release|Any CPU
	EndGlobalSection
	GlobalSection(ProjectConfigurationPlatforms) = postSolution
		{B31B3A24-096F-4E8B-8744-AA0536B39007}.Debug|Any CPU.ActiveCfg = Debug|Any CPU
		{B31B3A24-096F-4E8B-8744-AA0536B39007}.Debug|Any CPU.Build.0 = Debug|Any CPU
		{B31B3A24-096F-4E8B-8744-AA0536B39007}.Release|Any CPU.ActiveCfg = Release|Any CPU
		{B31B3A24-096F-4E8B-8744-AA0536B39007}.Release|Any CPU.Build.0 = Release|Any CPU
	EndGlobalSection
	GlobalSection(SolutionProperties) = preSolution
		HideSolutionNode = FALSE
	EndGlobalSection
	GlobalSection(ExtensibilityGlobals) = postSolution
		SolutionGuid = {D45C5443-AE97-433A-A332-03E15BE17A9A}
	EndGlobalSection
EndGlobal
