
Microsoft Visual Studio Solution File, Format Version 12.00
# Visual Studio Version 17
VisualStudioVersion = 17.5.33530.505
MinimumVisualStudioVersion = 10.0.40219.1
Project("{FAE04EC0-301F-11D3-BF4B-00C04F79EFBC}") = "BankException", "BankException\BankException.csproj", "{7B205218-07B7-43D2-9A4A-0C7FBE47E4EF}"
EndProject
Global
	GlobalSection(SolutionConfigurationPlatforms) = preSolution
		Debug|Any CPU = Debug|Any CPU
		Release|Any CPU = Release|Any CPU
	EndGlobalSection
	GlobalSection(ProjectConfigurationPlatforms) = postSolution
		{7B205218-07B7-43D2-9A4A-0C7FBE47E4EF}.Debug|Any CPU.ActiveCfg = Debug|Any CPU
		{7B205218-07B7-43D2-9A4A-0C7FBE47E4EF}.Debug|Any CPU.Build.0 = Debug|Any CPU
		{7B205218-07B7-43D2-9A4A-0C7FBE47E4EF}.Release|Any CPU.ActiveCfg = Release|Any CPU
		{7B205218-07B7-43D2-9A4A-0C7FBE47E4EF}.Release|Any CPU.Build.0 = Release|Any CPU
	EndGlobalSection
	GlobalSection(SolutionProperties) = preSolution
		HideSolutionNode = FALSE
	EndGlobalSection
	GlobalSection(ExtensibilityGlobals) = postSolution
		SolutionGuid = {A9C79B78-D3EC-4356-B920-4A820E8D58BA}
	EndGlobalSection
EndGlobal
